
Microsoft Visual Studio Solution File, Format Version 12.00
# Visual Studio Version 17
VisualStudioVersion = 17.13.35919.96 d17.13
MinimumVisualStudioVersion = 10.0.40219.1
Project("{FAE04EC0-301F-11D3-BF4B-00C04F79EFBC}") = "richhhhhh", "richhhhhh\richhhhhh.csproj", "{371E2138-3DA1-4115-84EF-0B914F27C223}"
EndProject
Global
	GlobalSection(SolutionConfigurationPlatforms) = preSolution
		Debug|Any CPU = Debug|Any CPU
		Release|Any CPU = Release|Any CPU
	EndGlobalSection
	GlobalSection(ProjectConfigurationPlatforms) = postSolution
		{371E2138-3DA1-4115-84EF-0B914F27C223}.Debug|Any CPU.ActiveCfg = Debug|Any CPU
		{371E2138-3DA1-4115-84EF-0B914F27C223}.Debug|Any CPU.Build.0 = Debug|Any CPU
		{371E2138-3DA1-4115-84EF-0B914F27C223}.Release|Any CPU.ActiveCfg = Release|Any CPU
		{371E2138-3DA1-4115-84EF-0B914F27C223}.Release|Any CPU.Build.0 = Release|Any CPU
	EndGlobalSection
	GlobalSection(SolutionProperties) = preSolution
		HideSolutionNode = FALSE
	EndGlobalSection
	GlobalSection(ExtensibilityGlobals) = postSolution
		SolutionGuid = {2ECE641F-FE7B-4341-BA98-711F547C1E63}
	EndGlobalSection
EndGlobal
